
Microsoft Visual Studio Solution File, Format Version 12.00
# Visual Studio 15
VisualStudioVersion = 15.0.27130.0
MinimumVisualStudioVersion = 10.0.40219.1
Project("{FAE04EC0-301F-11D3-BF4B-00C04F79EFBC}") = "01. Day of Week", "01. Day of Week\01. Day of Week.csproj", "{C1896A7C-DC4D-4BEB-AF15-E58AACE3B98C}"
EndProject
Project("{FAE04EC0-301F-11D3-BF4B-00C04F79EFBC}") = "02. Reverse an Array of Integers", "02. Reverse an Array of Integers\02. Reverse an Array of Integers.csproj", "{A00F2C6C-A77B-4C18-A69D-3CB07A862649}"
EndProject
Project("{FAE04EC0-301F-11D3-BF4B-00C04F79EFBC}") = "03. Triple Sum", "03. Triple Sum\03. Triple Sum.csproj", "{D5A28EB1-0980-46C3-BA9B-1CC0396987F9}"
EndProject
Project("{FAE04EC0-301F-11D3-BF4B-00C04F79EFBC}") = "04. Sum Arrays", "04. Sum Arrays\04. Sum Arrays.csproj", "{AABEB1C1-16FF-45DC-92E4-EC305ED1878D}"
EndProject
Global
	GlobalSection(SolutionConfigurationPlatforms) = preSolution
		Debug|Any CPU = Debug|Any CPU
		Release|Any CPU = Release|Any CPU
	EndGlobalSection
	GlobalSection(ProjectConfigurationPlatforms) = postSolution
		{C1896A7C-DC4D-4BEB-AF15-E58AACE3B98C}.Debug|Any CPU.ActiveCfg = Debug|Any CPU
		{C1896A7C-DC4D-4BEB-AF15-E58AACE3B98C}.Debug|Any CPU.Build.0 = Debug|Any CPU
		{C1896A7C-DC4D-4BEB-AF15-E58AACE3B98C}.Release|Any CPU.ActiveCfg = Release|Any CPU
		{C1896A7C-DC4D-4BEB-AF15-E58AACE3B98C}.Release|Any CPU.Build.0 = Release|Any CPU
		{A00F2C6C-A77B-4C18-A69D-3CB07A862649}.Debug|Any CPU.ActiveCfg = Debug|Any CPU
		{A00F2C6C-A77B-4C18-A69D-3CB07A862649}.Debug|Any CPU.Build.0 = Debug|Any CPU
		{A00F2C6C-A77B-4C18-A69D-3CB07A862649}.Release|Any CPU.ActiveCfg = Release|Any CPU
		{A00F2C6C-A77B-4C18-A69D-3CB07A862649}.Release|Any CPU.Build.0 = Release|Any CPU
		{D5A28EB1-0980-46C3-BA9B-1CC0396987F9}.Debug|Any CPU.ActiveCfg = Debug|Any CPU
		{D5A28EB1-0980-46C3-BA9B-1CC0396987F9}.Debug|Any CPU.Build.0 = Debug|Any CPU
		{D5A28EB1-0980-46C3-BA9B-1CC0396987F9}.Release|Any CPU.ActiveCfg = Release|Any CPU
		{D5A28EB1-0980-46C3-BA9B-1CC0396987F9}.Release|Any CPU.Build.0 = Release|Any CPU
		{AABEB1C1-16FF-45DC-92E4-EC305ED1878D}.Debug|Any CPU.ActiveCfg = Debug|Any CPU
		{AABEB1C1-16FF-45DC-92E4-EC305ED1878D}.Debug|Any CPU.Build.0 = Debug|Any CPU
		{AABEB1C1-16FF-45DC-92E4-EC305ED1878D}.Release|Any CPU.ActiveCfg = Release|Any CPU
		{AABEB1C1-16FF-45DC-92E4-EC305ED1878D}.Release|Any CPU.Build.0 = Release|Any CPU
	EndGlobalSection
	GlobalSection(SolutionProperties) = preSolution
		HideSolutionNode = FALSE
	EndGlobalSection
	GlobalSection(ExtensibilityGlobals) = postSolution
		SolutionGuid = {0131DB54-3A21-4935-966F-D305E9FECF57}
	EndGlobalSection
EndGlobal
