
Microsoft Visual Studio Solution File, Format Version 12.00
# Visual Studio 15
VisualStudioVersion = 15.0.27130.2003
MinimumVisualStudioVersion = 10.0.40219.1
Project("{FAE04EC0-301F-11D3-BF4B-00C04F79EFBC}") = "01. Day of Week", "01. Day of Week\01. Day of Week.csproj", "{C1896A7C-DC4D-4BEB-AF15-E58AACE3B98C}"
EndProject
Project("{FAE04EC0-301F-11D3-BF4B-00C04F79EFBC}") = "02. Reverse an Array of Integers", "02. Reverse an Array of Integers\02. Reverse an Array of Integers.csproj", "{A00F2C6C-A77B-4C18-A69D-3CB07A862649}"
EndProject
Project("{FAE04EC0-301F-11D3-BF4B-00C04F79EFBC}") = "03. Triple Sum", "03. Triple Sum\03. Triple Sum.csproj", "{D5A28EB1-0980-46C3-BA9B-1CC0396987F9}"
EndProject
Project("{FAE04EC0-301F-11D3-BF4B-00C04F79EFBC}") = "04. Sum Arrays", "04. Sum Arrays\04. Sum Arrays.csproj", "{AABEB1C1-16FF-45DC-92E4-EC305ED1878D}"
EndProject
Project("{FAE04EC0-301F-11D3-BF4B-00C04F79EFBC}") = "05. Condense Array to Number", "05. Condense Array to Number\05. Condense Array to Number.csproj", "{B99D3315-305C-4222-85D7-FA64FA27BC13}"
EndProject
Project("{FAE04EC0-301F-11D3-BF4B-00C04F79EFBC}") = "06. Extract Middle 1, 2 or 3 Elements", "06. Extract Middle 1, 2 or 3 Elements\06. Extract Middle 1, 2 or 3 Elements.csproj", "{355D8B45-F605-43F4-959F-82264C5A1B73}"
EndProject
Project("{FAE04EC0-301F-11D3-BF4B-00C04F79EFBC}") = "18. Remove Negatives and Reverse", "18. Remove Negatives and Reverse\18. Remove Negatives and Reverse.csproj", "{6F05B9A3-5517-4CF2-A2EF-92A54894C8FA}"
EndProject
Project("{FAE04EC0-301F-11D3-BF4B-00C04F79EFBC}") = "19. Append Lists", "19. Append Lists\19. Append Lists.csproj", "{2E6A3CFC-D45D-4347-9C72-6A8C0AD0FC23}"
EndProject
Project("{FAE04EC0-301F-11D3-BF4B-00C04F79EFBC}") = "20. Sum Adjacent Equal Numbers", "20. Sum Adjacent Equal Numbers\20. Sum Adjacent Equal Numbers.csproj", "{736CD367-CA51-41DC-B443-09C573B6AFAF}"
EndProject
Project("{FAE04EC0-301F-11D3-BF4B-00C04F79EFBC}") = "21. Split by Word Casing", "21. Split by Word Casing\21. Split by Word Casing.csproj", "{BFF633EE-5CF4-4D7C-9AA7-7F073B6355EF}"
EndProject
Project("{FAE04EC0-301F-11D3-BF4B-00C04F79EFBC}") = "22. Sort Numbers", "22. Sort Numbers\22. Sort Numbers.csproj", "{4A600292-8C20-4CCE-822A-48E271D637C4}"
EndProject
Project("{FAE04EC0-301F-11D3-BF4B-00C04F79EFBC}") = "23. Square Numbers", "23. Square Numbers\23. Square Numbers.csproj", "{FFBC6BE6-1BA9-4521-A2E9-5B4485483739}"
EndProject
Project("{FAE04EC0-301F-11D3-BF4B-00C04F79EFBC}") = "24. Search for a Number", "24. Search for a Number\24. Search for a Number.csproj", "{C963E213-A75A-4180-94AB-4ABDE8B63266}"
EndProject
Project("{FAE04EC0-301F-11D3-BF4B-00C04F79EFBC}") = "25. Sum Reversed Numbers", "25. Sum Reversed Numbers\25. Sum Reversed Numbers.csproj", "{54AA8257-3523-4C7C-ADE7-A99329976934}"
EndProject
Project("{FAE04EC0-301F-11D3-BF4B-00C04F79EFBC}") = "26. Bomb Numbers", "26. Bomb Numbers\26. Bomb Numbers.csproj", "{42346C46-0B8F-423D-9AAD-C16E28333270}"
EndProject
Project("{FAE04EC0-301F-11D3-BF4B-00C04F79EFBC}") = "27. Array Manipulator", "27. Array Manipulator\27. Array Manipulator.csproj", "{6824A6E5-9D05-4098-AF52-FB5517D8B66B}"
EndProject
Project("{FAE04EC0-301F-11D3-BF4B-00C04F79EFBC}") = "16. Pairs by Difference", "16. Pairs by Difference\16. Pairs by Difference.csproj", "{DC503993-EC08-4494-8156-8548CF5AB5D8}"
EndProject
Project("{FAE04EC0-301F-11D3-BF4B-00C04F79EFBC}") = "08. Largest Common End", "08. Largest Common End\08. Largest Common End.csproj", "{EC087A49-B18B-4407-9BA2-94E8A8836C40}"
EndProject
Project("{FAE04EC0-301F-11D3-BF4B-00C04F79EFBC}") = "09. Rotate and Sum", "09. Rotate and Sum\09. Rotate and Sum.csproj", "{7AAA7F83-E496-4F0D-AA0F-35FE5EB2F081}"
EndProject
Project("{FAE04EC0-301F-11D3-BF4B-00C04F79EFBC}") = "07.LastKnumber", "07.LastKnumber\07.LastKnumber.csproj", "{3A10FEDB-63FC-4915-A416-3C3A80D59C7C}"
EndProject
Project("{FAE04EC0-301F-11D3-BF4B-00C04F79EFBC}") = "10. Fold and Sum", "10. Fold and Sum\10. Fold and Sum.csproj", "{76D5FAB5-73A4-4FDA-9ED3-DDC5FB69CC47}"
EndProject
Project("{FAE04EC0-301F-11D3-BF4B-00C04F79EFBC}") = "11. Compare Char Arrays", "11. Compare Char Arrays\11. Compare Char Arrays.csproj", "{D6651487-B8DA-4799-A4F5-34ADDA1AB737}"
EndProject
Project("{FAE04EC0-301F-11D3-BF4B-00C04F79EFBC}") = "12. Max Sequence of Equal Elements", "12. Max Sequence of Equal Elements\12. Max Sequence of Equal Elements.csproj", "{6C50E870-FB2C-422D-AAB4-C3F9762A1D54}"
EndProject
Project("{FAE04EC0-301F-11D3-BF4B-00C04F79EFBC}") = "13. Max Sequence of Increasing", "13. Max Sequence of Increasing\13. Max Sequence of Increasing.csproj", "{0BD4A12D-058D-4106-A75F-F430D0E1C31B}"
EndProject
Global
	GlobalSection(SolutionConfigurationPlatforms) = preSolution
		Debug|Any CPU = Debug|Any CPU
		Release|Any CPU = Release|Any CPU
	EndGlobalSection
	GlobalSection(ProjectConfigurationPlatforms) = postSolution
		{C1896A7C-DC4D-4BEB-AF15-E58AACE3B98C}.Debug|Any CPU.ActiveCfg = Debug|Any CPU
		{C1896A7C-DC4D-4BEB-AF15-E58AACE3B98C}.Debug|Any CPU.Build.0 = Debug|Any CPU
		{C1896A7C-DC4D-4BEB-AF15-E58AACE3B98C}.Release|Any CPU.ActiveCfg = Release|Any CPU
		{C1896A7C-DC4D-4BEB-AF15-E58AACE3B98C}.Release|Any CPU.Build.0 = Release|Any CPU
		{A00F2C6C-A77B-4C18-A69D-3CB07A862649}.Debug|Any CPU.ActiveCfg = Debug|Any CPU
		{A00F2C6C-A77B-4C18-A69D-3CB07A862649}.Debug|Any CPU.Build.0 = Debug|Any CPU
		{A00F2C6C-A77B-4C18-A69D-3CB07A862649}.Release|Any CPU.ActiveCfg = Release|Any CPU
		{A00F2C6C-A77B-4C18-A69D-3CB07A862649}.Release|Any CPU.Build.0 = Release|Any CPU
		{D5A28EB1-0980-46C3-BA9B-1CC0396987F9}.Debug|Any CPU.ActiveCfg = Debug|Any CPU
		{D5A28EB1-0980-46C3-BA9B-1CC0396987F9}.Debug|Any CPU.Build.0 = Debug|Any CPU
		{D5A28EB1-0980-46C3-BA9B-1CC0396987F9}.Release|Any CPU.ActiveCfg = Release|Any CPU
		{D5A28EB1-0980-46C3-BA9B-1CC0396987F9}.Release|Any CPU.Build.0 = Release|Any CPU
		{AABEB1C1-16FF-45DC-92E4-EC305ED1878D}.Debug|Any CPU.ActiveCfg = Debug|Any CPU
		{AABEB1C1-16FF-45DC-92E4-EC305ED1878D}.Debug|Any CPU.Build.0 = Debug|Any CPU
		{AABEB1C1-16FF-45DC-92E4-EC305ED1878D}.Release|Any CPU.ActiveCfg = Release|Any CPU
		{AABEB1C1-16FF-45DC-92E4-EC305ED1878D}.Release|Any CPU.Build.0 = Release|Any CPU
		{B99D3315-305C-4222-85D7-FA64FA27BC13}.Debug|Any CPU.ActiveCfg = Debug|Any CPU
		{B99D3315-305C-4222-85D7-FA64FA27BC13}.Debug|Any CPU.Build.0 = Debug|Any CPU
		{B99D3315-305C-4222-85D7-FA64FA27BC13}.Release|Any CPU.ActiveCfg = Release|Any CPU
		{B99D3315-305C-4222-85D7-FA64FA27BC13}.Release|Any CPU.Build.0 = Release|Any CPU
		{355D8B45-F605-43F4-959F-82264C5A1B73}.Debug|Any CPU.ActiveCfg = Debug|Any CPU
		{355D8B45-F605-43F4-959F-82264C5A1B73}.Debug|Any CPU.Build.0 = Debug|Any CPU
		{355D8B45-F605-43F4-959F-82264C5A1B73}.Release|Any CPU.ActiveCfg = Release|Any CPU
		{355D8B45-F605-43F4-959F-82264C5A1B73}.Release|Any CPU.Build.0 = Release|Any CPU
		{6F05B9A3-5517-4CF2-A2EF-92A54894C8FA}.Debug|Any CPU.ActiveCfg = Debug|Any CPU
		{6F05B9A3-5517-4CF2-A2EF-92A54894C8FA}.Debug|Any CPU.Build.0 = Debug|Any CPU
		{6F05B9A3-5517-4CF2-A2EF-92A54894C8FA}.Release|Any CPU.ActiveCfg = Release|Any CPU
		{6F05B9A3-5517-4CF2-A2EF-92A54894C8FA}.Release|Any CPU.Build.0 = Release|Any CPU
		{2E6A3CFC-D45D-4347-9C72-6A8C0AD0FC23}.Debug|Any CPU.ActiveCfg = Debug|Any CPU
		{2E6A3CFC-D45D-4347-9C72-6A8C0AD0FC23}.Debug|Any CPU.Build.0 = Debug|Any CPU
		{2E6A3CFC-D45D-4347-9C72-6A8C0AD0FC23}.Release|Any CPU.ActiveCfg = Release|Any CPU
		{2E6A3CFC-D45D-4347-9C72-6A8C0AD0FC23}.Release|Any CPU.Build.0 = Release|Any CPU
		{736CD367-CA51-41DC-B443-09C573B6AFAF}.Debug|Any CPU.ActiveCfg = Debug|Any CPU
		{736CD367-CA51-41DC-B443-09C573B6AFAF}.Debug|Any CPU.Build.0 = Debug|Any CPU
		{736CD367-CA51-41DC-B443-09C573B6AFAF}.Release|Any CPU.ActiveCfg = Release|Any CPU
		{736CD367-CA51-41DC-B443-09C573B6AFAF}.Release|Any CPU.Build.0 = Release|Any CPU
		{BFF633EE-5CF4-4D7C-9AA7-7F073B6355EF}.Debug|Any CPU.ActiveCfg = Debug|Any CPU
		{BFF633EE-5CF4-4D7C-9AA7-7F073B6355EF}.Debug|Any CPU.Build.0 = Debug|Any CPU
		{BFF633EE-5CF4-4D7C-9AA7-7F073B6355EF}.Release|Any CPU.ActiveCfg = Release|Any CPU
		{BFF633EE-5CF4-4D7C-9AA7-7F073B6355EF}.Release|Any CPU.Build.0 = Release|Any CPU
		{4A600292-8C20-4CCE-822A-48E271D637C4}.Debug|Any CPU.ActiveCfg = Debug|Any CPU
		{4A600292-8C20-4CCE-822A-48E271D637C4}.Debug|Any CPU.Build.0 = Debug|Any CPU
		{4A600292-8C20-4CCE-822A-48E271D637C4}.Release|Any CPU.ActiveCfg = Release|Any CPU
		{4A600292-8C20-4CCE-822A-48E271D637C4}.Release|Any CPU.Build.0 = Release|Any CPU
		{FFBC6BE6-1BA9-4521-A2E9-5B4485483739}.Debug|Any CPU.ActiveCfg = Debug|Any CPU
		{FFBC6BE6-1BA9-4521-A2E9-5B4485483739}.Debug|Any CPU.Build.0 = Debug|Any CPU
		{FFBC6BE6-1BA9-4521-A2E9-5B4485483739}.Release|Any CPU.ActiveCfg = Release|Any CPU
		{FFBC6BE6-1BA9-4521-A2E9-5B4485483739}.Release|Any CPU.Build.0 = Release|Any CPU
		{C963E213-A75A-4180-94AB-4ABDE8B63266}.Debug|Any CPU.ActiveCfg = Debug|Any CPU
		{C963E213-A75A-4180-94AB-4ABDE8B63266}.Debug|Any CPU.Build.0 = Debug|Any CPU
		{C963E213-A75A-4180-94AB-4ABDE8B63266}.Release|Any CPU.ActiveCfg = Release|Any CPU
		{C963E213-A75A-4180-94AB-4ABDE8B63266}.Release|Any CPU.Build.0 = Release|Any CPU
		{54AA8257-3523-4C7C-ADE7-A99329976934}.Debug|Any CPU.ActiveCfg = Debug|Any CPU
		{54AA8257-3523-4C7C-ADE7-A99329976934}.Debug|Any CPU.Build.0 = Debug|Any CPU
		{54AA8257-3523-4C7C-ADE7-A99329976934}.Release|Any CPU.ActiveCfg = Release|Any CPU
		{54AA8257-3523-4C7C-ADE7-A99329976934}.Release|Any CPU.Build.0 = Release|Any CPU
		{42346C46-0B8F-423D-9AAD-C16E28333270}.Debug|Any CPU.ActiveCfg = Debug|Any CPU
		{42346C46-0B8F-423D-9AAD-C16E28333270}.Debug|Any CPU.Build.0 = Debug|Any CPU
		{42346C46-0B8F-423D-9AAD-C16E28333270}.Release|Any CPU.ActiveCfg = Release|Any CPU
		{42346C46-0B8F-423D-9AAD-C16E28333270}.Release|Any CPU.Build.0 = Release|Any CPU
		{6824A6E5-9D05-4098-AF52-FB5517D8B66B}.Debug|Any CPU.ActiveCfg = Debug|Any CPU
		{6824A6E5-9D05-4098-AF52-FB5517D8B66B}.Debug|Any CPU.Build.0 = Debug|Any CPU
		{6824A6E5-9D05-4098-AF52-FB5517D8B66B}.Release|Any CPU.ActiveCfg = Release|Any CPU
		{6824A6E5-9D05-4098-AF52-FB5517D8B66B}.Release|Any CPU.Build.0 = Release|Any CPU
		{DC503993-EC08-4494-8156-8548CF5AB5D8}.Debug|Any CPU.ActiveCfg = Debug|Any CPU
		{DC503993-EC08-4494-8156-8548CF5AB5D8}.Debug|Any CPU.Build.0 = Debug|Any CPU
		{DC503993-EC08-4494-8156-8548CF5AB5D8}.Release|Any CPU.ActiveCfg = Release|Any CPU
		{DC503993-EC08-4494-8156-8548CF5AB5D8}.Release|Any CPU.Build.0 = Release|Any CPU
		{EC087A49-B18B-4407-9BA2-94E8A8836C40}.Debug|Any CPU.ActiveCfg = Debug|Any CPU
		{EC087A49-B18B-4407-9BA2-94E8A8836C40}.Debug|Any CPU.Build.0 = Debug|Any CPU
		{EC087A49-B18B-4407-9BA2-94E8A8836C40}.Release|Any CPU.ActiveCfg = Release|Any CPU
		{EC087A49-B18B-4407-9BA2-94E8A8836C40}.Release|Any CPU.Build.0 = Release|Any CPU
		{7AAA7F83-E496-4F0D-AA0F-35FE5EB2F081}.Debug|Any CPU.ActiveCfg = Debug|Any CPU
		{7AAA7F83-E496-4F0D-AA0F-35FE5EB2F081}.Debug|Any CPU.Build.0 = Debug|Any CPU
		{7AAA7F83-E496-4F0D-AA0F-35FE5EB2F081}.Release|Any CPU.ActiveCfg = Release|Any CPU
		{7AAA7F83-E496-4F0D-AA0F-35FE5EB2F081}.Release|Any CPU.Build.0 = Release|Any CPU
		{3A10FEDB-63FC-4915-A416-3C3A80D59C7C}.Debug|Any CPU.ActiveCfg = Debug|Any CPU
		{3A10FEDB-63FC-4915-A416-3C3A80D59C7C}.Debug|Any CPU.Build.0 = Debug|Any CPU
		{3A10FEDB-63FC-4915-A416-3C3A80D59C7C}.Release|Any CPU.ActiveCfg = Release|Any CPU
		{3A10FEDB-63FC-4915-A416-3C3A80D59C7C}.Release|Any CPU.Build.0 = Release|Any CPU
		{76D5FAB5-73A4-4FDA-9ED3-DDC5FB69CC47}.Debug|Any CPU.ActiveCfg = Debug|Any CPU
		{76D5FAB5-73A4-4FDA-9ED3-DDC5FB69CC47}.Debug|Any CPU.Build.0 = Debug|Any CPU
		{76D5FAB5-73A4-4FDA-9ED3-DDC5FB69CC47}.Release|Any CPU.ActiveCfg = Release|Any CPU
		{76D5FAB5-73A4-4FDA-9ED3-DDC5FB69CC47}.Release|Any CPU.Build.0 = Release|Any CPU
		{D6651487-B8DA-4799-A4F5-34ADDA1AB737}.Debug|Any CPU.ActiveCfg = Debug|Any CPU
		{D6651487-B8DA-4799-A4F5-34ADDA1AB737}.Debug|Any CPU.Build.0 = Debug|Any CPU
		{D6651487-B8DA-4799-A4F5-34ADDA1AB737}.Release|Any CPU.ActiveCfg = Release|Any CPU
		{D6651487-B8DA-4799-A4F5-34ADDA1AB737}.Release|Any CPU.Build.0 = Release|Any CPU
		{6C50E870-FB2C-422D-AAB4-C3F9762A1D54}.Debug|Any CPU.ActiveCfg = Debug|Any CPU
		{6C50E870-FB2C-422D-AAB4-C3F9762A1D54}.Debug|Any CPU.Build.0 = Debug|Any CPU
		{6C50E870-FB2C-422D-AAB4-C3F9762A1D54}.Release|Any CPU.ActiveCfg = Release|Any CPU
		{6C50E870-FB2C-422D-AAB4-C3F9762A1D54}.Release|Any CPU.Build.0 = Release|Any CPU
		{0BD4A12D-058D-4106-A75F-F430D0E1C31B}.Debug|Any CPU.ActiveCfg = Debug|Any CPU
		{0BD4A12D-058D-4106-A75F-F430D0E1C31B}.Debug|Any CPU.Build.0 = Debug|Any CPU
		{0BD4A12D-058D-4106-A75F-F430D0E1C31B}.Release|Any CPU.ActiveCfg = Release|Any CPU
		{0BD4A12D-058D-4106-A75F-F430D0E1C31B}.Release|Any CPU.Build.0 = Release|Any CPU
	EndGlobalSection
	GlobalSection(SolutionProperties) = preSolution
		HideSolutionNode = FALSE
	EndGlobalSection
	GlobalSection(ExtensibilityGlobals) = postSolution
		SolutionGuid = {0131DB54-3A21-4935-966F-D305E9FECF57}
	EndGlobalSection
EndGlobal
