
Microsoft Visual Studio Solution File, Format Version 12.00
# Visual Studio 14
VisualStudioVersion = 14.0.25420.1
MinimumVisualStudioVersion = 10.0.40219.1
Project("{FAE04EC0-301F-11D3-BF4B-00C04F79EFBC}") = "Rectangle-of-10x10-Stars", "Rectangle-of-10x10-Stars\Rectangle-of-10x10-Stars.csproj", "{F44FFD6F-537A-46E2-AB23-B9779231C23F}"
EndProject
Project("{FAE04EC0-301F-11D3-BF4B-00C04F79EFBC}") = "Rectangle of N x N Stars", "Rectangle of N x N Stars\Rectangle of N x N Stars.csproj", "{C6FDACD5-CA81-41CA-BF58-442E93C0928E}"
EndProject
Project("{FAE04EC0-301F-11D3-BF4B-00C04F79EFBC}") = "sqareOfStars", "sqareOfStars\sqareOfStars.csproj", "{9421C0DA-B10C-47AC-9F87-E9C11A400EF7}"
EndProject
Project("{FAE04EC0-301F-11D3-BF4B-00C04F79EFBC}") = "Triangle of Dollars", "Triangle of Dollars\Triangle of Dollars.csproj", "{9F4335D8-AE96-4016-8682-BB6AD90E7B62}"
EndProject
Global
	GlobalSection(SolutionConfigurationPlatforms) = preSolution
		Debug|Any CPU = Debug|Any CPU
		Release|Any CPU = Release|Any CPU
	EndGlobalSection
	GlobalSection(ProjectConfigurationPlatforms) = postSolution
		{F44FFD6F-537A-46E2-AB23-B9779231C23F}.Debug|Any CPU.ActiveCfg = Debug|Any CPU
		{F44FFD6F-537A-46E2-AB23-B9779231C23F}.Debug|Any CPU.Build.0 = Debug|Any CPU
		{F44FFD6F-537A-46E2-AB23-B9779231C23F}.Release|Any CPU.ActiveCfg = Release|Any CPU
		{F44FFD6F-537A-46E2-AB23-B9779231C23F}.Release|Any CPU.Build.0 = Release|Any CPU
		{C6FDACD5-CA81-41CA-BF58-442E93C0928E}.Debug|Any CPU.ActiveCfg = Debug|Any CPU
		{C6FDACD5-CA81-41CA-BF58-442E93C0928E}.Debug|Any CPU.Build.0 = Debug|Any CPU
		{C6FDACD5-CA81-41CA-BF58-442E93C0928E}.Release|Any CPU.ActiveCfg = Release|Any CPU
		{C6FDACD5-CA81-41CA-BF58-442E93C0928E}.Release|Any CPU.Build.0 = Release|Any CPU
		{9421C0DA-B10C-47AC-9F87-E9C11A400EF7}.Debug|Any CPU.ActiveCfg = Debug|Any CPU
		{9421C0DA-B10C-47AC-9F87-E9C11A400EF7}.Debug|Any CPU.Build.0 = Debug|Any CPU
		{9421C0DA-B10C-47AC-9F87-E9C11A400EF7}.Release|Any CPU.ActiveCfg = Release|Any CPU
		{9421C0DA-B10C-47AC-9F87-E9C11A400EF7}.Release|Any CPU.Build.0 = Release|Any CPU
		{9F4335D8-AE96-4016-8682-BB6AD90E7B62}.Debug|Any CPU.ActiveCfg = Debug|Any CPU
		{9F4335D8-AE96-4016-8682-BB6AD90E7B62}.Debug|Any CPU.Build.0 = Debug|Any CPU
		{9F4335D8-AE96-4016-8682-BB6AD90E7B62}.Release|Any CPU.ActiveCfg = Release|Any CPU
		{9F4335D8-AE96-4016-8682-BB6AD90E7B62}.Release|Any CPU.Build.0 = Release|Any CPU
	EndGlobalSection
	GlobalSection(SolutionProperties) = preSolution
		HideSolutionNode = FALSE
	EndGlobalSection
EndGlobal
