
Microsoft Visual Studio Solution File, Format Version 12.00
# Visual Studio 15
VisualStudioVersion = 15.0.27428.2005
MinimumVisualStudioVersion = 10.0.40219.1
Project("{9A19103F-16F7-4668-BE54-9A1E7A4F7556}") = "2. Diagonal Difference", "2. Diagonal Difference\2. Diagonal Difference.csproj", "{A37CBFB0-7A66-4756-8164-5E17D4EA48EC}"
EndProject
Project("{9A19103F-16F7-4668-BE54-9A1E7A4F7556}") = "3. Squares in Matrix", "3. Squares in Matrix\3. Squares in Matrix.csproj", "{B4B88779-C73F-416D-A61B-5878366DA94D}"
EndProject
Project("{9A19103F-16F7-4668-BE54-9A1E7A4F7556}") = "4. Maximal Sum", "4. Maximal Sum\4. Maximal Sum.csproj", "{58AAA426-E5E2-49CD-8846-00B79C10C992}"
EndProject
Project("{9A19103F-16F7-4668-BE54-9A1E7A4F7556}") = "5. Rubik Matrix", "5. Rubik Matrix\5. Rubik Matrix.csproj", "{34EED18A-5D35-467D-8494-072B6C5C60D8}"
EndProject
Project("{FAE04EC0-301F-11D3-BF4B-00C04F79EFBC}") = "0. PlayGround", "0. PlayGround\0. PlayGround.csproj", "{986C4092-5F89-426D-BD3C-C550278F5594}"
EndProject
Global
	GlobalSection(SolutionConfigurationPlatforms) = preSolution
		Debug|Any CPU = Debug|Any CPU
		Release|Any CPU = Release|Any CPU
	EndGlobalSection
	GlobalSection(ProjectConfigurationPlatforms) = postSolution
		{A37CBFB0-7A66-4756-8164-5E17D4EA48EC}.Debug|Any CPU.ActiveCfg = Debug|Any CPU
		{A37CBFB0-7A66-4756-8164-5E17D4EA48EC}.Debug|Any CPU.Build.0 = Debug|Any CPU
		{A37CBFB0-7A66-4756-8164-5E17D4EA48EC}.Release|Any CPU.ActiveCfg = Release|Any CPU
		{A37CBFB0-7A66-4756-8164-5E17D4EA48EC}.Release|Any CPU.Build.0 = Release|Any CPU
		{B4B88779-C73F-416D-A61B-5878366DA94D}.Debug|Any CPU.ActiveCfg = Debug|Any CPU
		{B4B88779-C73F-416D-A61B-5878366DA94D}.Debug|Any CPU.Build.0 = Debug|Any CPU
		{B4B88779-C73F-416D-A61B-5878366DA94D}.Release|Any CPU.ActiveCfg = Release|Any CPU
		{B4B88779-C73F-416D-A61B-5878366DA94D}.Release|Any CPU.Build.0 = Release|Any CPU
		{58AAA426-E5E2-49CD-8846-00B79C10C992}.Debug|Any CPU.ActiveCfg = Debug|Any CPU
		{58AAA426-E5E2-49CD-8846-00B79C10C992}.Debug|Any CPU.Build.0 = Debug|Any CPU
		{58AAA426-E5E2-49CD-8846-00B79C10C992}.Release|Any CPU.ActiveCfg = Release|Any CPU
		{58AAA426-E5E2-49CD-8846-00B79C10C992}.Release|Any CPU.Build.0 = Release|Any CPU
		{34EED18A-5D35-467D-8494-072B6C5C60D8}.Debug|Any CPU.ActiveCfg = Debug|Any CPU
		{34EED18A-5D35-467D-8494-072B6C5C60D8}.Debug|Any CPU.Build.0 = Debug|Any CPU
		{34EED18A-5D35-467D-8494-072B6C5C60D8}.Release|Any CPU.ActiveCfg = Release|Any CPU
		{34EED18A-5D35-467D-8494-072B6C5C60D8}.Release|Any CPU.Build.0 = Release|Any CPU
		{986C4092-5F89-426D-BD3C-C550278F5594}.Debug|Any CPU.ActiveCfg = Debug|Any CPU
		{986C4092-5F89-426D-BD3C-C550278F5594}.Debug|Any CPU.Build.0 = Debug|Any CPU
		{986C4092-5F89-426D-BD3C-C550278F5594}.Release|Any CPU.ActiveCfg = Release|Any CPU
		{986C4092-5F89-426D-BD3C-C550278F5594}.Release|Any CPU.Build.0 = Release|Any CPU
	EndGlobalSection
	GlobalSection(SolutionProperties) = preSolution
		HideSolutionNode = FALSE
	EndGlobalSection
	GlobalSection(ExtensibilityGlobals) = postSolution
		SolutionGuid = {4D9A9547-73F6-48DF-BA91-A6F572E364BF}
	EndGlobalSection
EndGlobal
