
Microsoft Visual Studio Solution File, Format Version 12.00
# Visual Studio 15
VisualStudioVersion = 15.0.27130.0
MinimumVisualStudioVersion = 10.0.40219.1
Project("{FAE04EC0-301F-11D3-BF4B-00C04F79EFBC}") = "0. List", "0. List\0. List.csproj", "{4B86465F-820C-4B35-AD77-09228FF620FA}"
EndProject
Project("{FAE04EC0-301F-11D3-BF4B-00C04F79EFBC}") = "01. Remove Negatives and Reverse", "1. Remove Negatives and Reverse\01. Remove Negatives and Reverse.csproj", "{86B2EBBD-C633-4395-BE41-DA6057710BB5}"
EndProject
Project("{FAE04EC0-301F-11D3-BF4B-00C04F79EFBC}") = "02. Append Lists", "02. Append Lists\02. Append Lists.csproj", "{C3C8F39F-1B01-4FB0-A73B-144DD1E0E593}"
EndProject
Project("{FAE04EC0-301F-11D3-BF4B-00C04F79EFBC}") = "03. Sum Adjacent Equal Numbers", "03. Sum Adjacent Equal Numbers\03. Sum Adjacent Equal Numbers.csproj", "{D46BFC1D-1776-4A92-9A1B-2E55376A9EE1}"
EndProject
Project("{FAE04EC0-301F-11D3-BF4B-00C04F79EFBC}") = "04. Split by Word Casing", "4. Split by Word Casing\04. Split by Word Casing.csproj", "{665AB2F3-8CB7-4654-825F-81D08F1D752F}"
EndProject
Project("{FAE04EC0-301F-11D3-BF4B-00C04F79EFBC}") = "05. Sort Numbers", "05. Sort Numbers\05. Sort Numbers.csproj", "{14991552-4408-42F3-A0FE-00DA89F1A9D9}"
EndProject
Global
	GlobalSection(SolutionConfigurationPlatforms) = preSolution
		Debug|Any CPU = Debug|Any CPU
		Release|Any CPU = Release|Any CPU
	EndGlobalSection
	GlobalSection(ProjectConfigurationPlatforms) = postSolution
		{4B86465F-820C-4B35-AD77-09228FF620FA}.Debug|Any CPU.ActiveCfg = Debug|Any CPU
		{4B86465F-820C-4B35-AD77-09228FF620FA}.Debug|Any CPU.Build.0 = Debug|Any CPU
		{4B86465F-820C-4B35-AD77-09228FF620FA}.Release|Any CPU.ActiveCfg = Release|Any CPU
		{4B86465F-820C-4B35-AD77-09228FF620FA}.Release|Any CPU.Build.0 = Release|Any CPU
		{86B2EBBD-C633-4395-BE41-DA6057710BB5}.Debug|Any CPU.ActiveCfg = Debug|Any CPU
		{86B2EBBD-C633-4395-BE41-DA6057710BB5}.Debug|Any CPU.Build.0 = Debug|Any CPU
		{86B2EBBD-C633-4395-BE41-DA6057710BB5}.Release|Any CPU.ActiveCfg = Release|Any CPU
		{86B2EBBD-C633-4395-BE41-DA6057710BB5}.Release|Any CPU.Build.0 = Release|Any CPU
		{C3C8F39F-1B01-4FB0-A73B-144DD1E0E593}.Debug|Any CPU.ActiveCfg = Debug|Any CPU
		{C3C8F39F-1B01-4FB0-A73B-144DD1E0E593}.Debug|Any CPU.Build.0 = Debug|Any CPU
		{C3C8F39F-1B01-4FB0-A73B-144DD1E0E593}.Release|Any CPU.ActiveCfg = Release|Any CPU
		{C3C8F39F-1B01-4FB0-A73B-144DD1E0E593}.Release|Any CPU.Build.0 = Release|Any CPU
		{D46BFC1D-1776-4A92-9A1B-2E55376A9EE1}.Debug|Any CPU.ActiveCfg = Debug|Any CPU
		{D46BFC1D-1776-4A92-9A1B-2E55376A9EE1}.Debug|Any CPU.Build.0 = Debug|Any CPU
		{D46BFC1D-1776-4A92-9A1B-2E55376A9EE1}.Release|Any CPU.ActiveCfg = Release|Any CPU
		{D46BFC1D-1776-4A92-9A1B-2E55376A9EE1}.Release|Any CPU.Build.0 = Release|Any CPU
		{665AB2F3-8CB7-4654-825F-81D08F1D752F}.Debug|Any CPU.ActiveCfg = Debug|Any CPU
		{665AB2F3-8CB7-4654-825F-81D08F1D752F}.Debug|Any CPU.Build.0 = Debug|Any CPU
		{665AB2F3-8CB7-4654-825F-81D08F1D752F}.Release|Any CPU.ActiveCfg = Release|Any CPU
		{665AB2F3-8CB7-4654-825F-81D08F1D752F}.Release|Any CPU.Build.0 = Release|Any CPU
		{14991552-4408-42F3-A0FE-00DA89F1A9D9}.Debug|Any CPU.ActiveCfg = Debug|Any CPU
		{14991552-4408-42F3-A0FE-00DA89F1A9D9}.Debug|Any CPU.Build.0 = Debug|Any CPU
		{14991552-4408-42F3-A0FE-00DA89F1A9D9}.Release|Any CPU.ActiveCfg = Release|Any CPU
		{14991552-4408-42F3-A0FE-00DA89F1A9D9}.Release|Any CPU.Build.0 = Release|Any CPU
	EndGlobalSection
	GlobalSection(SolutionProperties) = preSolution
		HideSolutionNode = FALSE
	EndGlobalSection
	GlobalSection(ExtensibilityGlobals) = postSolution
		SolutionGuid = {57036F5E-DD5C-480D-A9DF-73818F43B8B1}
	EndGlobalSection
EndGlobal
