
Microsoft Visual Studio Solution File, Format Version 12.00
# Visual Studio 14
VisualStudioVersion = 14.0.25420.1
MinimumVisualStudioVersion = 10.0.40219.1
Project("{FAE04EC0-301F-11D3-BF4B-00C04F79EFBC}") = "06. letters", "06. letters\06. letters.csproj", "{2E3B66E3-9C0B-4879-87F5-BE5EA32B187C}"
EndProject
Project("{FAE04EC0-301F-11D3-BF4B-00C04F79EFBC}") = "05. Christmas Hat", "05. Christmas Hat\05. Christmas Hat.csproj", "{DBCD0F56-2DBE-4C08-99F4-A32119363559}"
EndProject
Project("{FAE04EC0-301F-11D3-BF4B-00C04F79EFBC}") = "04. Grades", "04. Grades\04. Grades.csproj", "{179381C4-6E4D-421A-9715-183ECC3FC69C}"
EndProject
Project("{FAE04EC0-301F-11D3-BF4B-00C04F79EFBC}") = "03. Flowers", "03. Flowers\03. Flowers.csproj", "{1ACF8C4F-2F38-49B4-8687-1280D2EF22CF}"
EndProject
Project("{FAE04EC0-301F-11D3-BF4B-00C04F79EFBC}") = "02. Change Tiles", "02. Change Tiles\02. Change Tiles.csproj", "{34790CC8-4EEC-45B9-8630-962EC19DB114}"
EndProject
Project("{FAE04EC0-301F-11D3-BF4B-00C04F79EFBC}") = "01. Distance", "01. Distance\01. Distance.csproj", "{B21D9E2B-087B-4B92-891C-56D6F6987C45}"
EndProject
Project("{FAE04EC0-301F-11D3-BF4B-00C04F79EFBC}") = "da", "da\da.csproj", "{A5AB3614-4742-4724-905D-655056719915}"
EndProject
Global
	GlobalSection(SolutionConfigurationPlatforms) = preSolution
		Debug|Any CPU = Debug|Any CPU
		Release|Any CPU = Release|Any CPU
	EndGlobalSection
	GlobalSection(ProjectConfigurationPlatforms) = postSolution
		{2E3B66E3-9C0B-4879-87F5-BE5EA32B187C}.Debug|Any CPU.ActiveCfg = Debug|Any CPU
		{2E3B66E3-9C0B-4879-87F5-BE5EA32B187C}.Debug|Any CPU.Build.0 = Debug|Any CPU
		{2E3B66E3-9C0B-4879-87F5-BE5EA32B187C}.Release|Any CPU.ActiveCfg = Release|Any CPU
		{2E3B66E3-9C0B-4879-87F5-BE5EA32B187C}.Release|Any CPU.Build.0 = Release|Any CPU
		{DBCD0F56-2DBE-4C08-99F4-A32119363559}.Debug|Any CPU.ActiveCfg = Debug|Any CPU
		{DBCD0F56-2DBE-4C08-99F4-A32119363559}.Debug|Any CPU.Build.0 = Debug|Any CPU
		{DBCD0F56-2DBE-4C08-99F4-A32119363559}.Release|Any CPU.ActiveCfg = Release|Any CPU
		{DBCD0F56-2DBE-4C08-99F4-A32119363559}.Release|Any CPU.Build.0 = Release|Any CPU
		{179381C4-6E4D-421A-9715-183ECC3FC69C}.Debug|Any CPU.ActiveCfg = Debug|Any CPU
		{179381C4-6E4D-421A-9715-183ECC3FC69C}.Debug|Any CPU.Build.0 = Debug|Any CPU
		{179381C4-6E4D-421A-9715-183ECC3FC69C}.Release|Any CPU.ActiveCfg = Release|Any CPU
		{179381C4-6E4D-421A-9715-183ECC3FC69C}.Release|Any CPU.Build.0 = Release|Any CPU
		{1ACF8C4F-2F38-49B4-8687-1280D2EF22CF}.Debug|Any CPU.ActiveCfg = Debug|Any CPU
		{1ACF8C4F-2F38-49B4-8687-1280D2EF22CF}.Debug|Any CPU.Build.0 = Debug|Any CPU
		{1ACF8C4F-2F38-49B4-8687-1280D2EF22CF}.Release|Any CPU.ActiveCfg = Release|Any CPU
		{1ACF8C4F-2F38-49B4-8687-1280D2EF22CF}.Release|Any CPU.Build.0 = Release|Any CPU
		{34790CC8-4EEC-45B9-8630-962EC19DB114}.Debug|Any CPU.ActiveCfg = Debug|Any CPU
		{34790CC8-4EEC-45B9-8630-962EC19DB114}.Debug|Any CPU.Build.0 = Debug|Any CPU
		{34790CC8-4EEC-45B9-8630-962EC19DB114}.Release|Any CPU.ActiveCfg = Release|Any CPU
		{34790CC8-4EEC-45B9-8630-962EC19DB114}.Release|Any CPU.Build.0 = Release|Any CPU
		{B21D9E2B-087B-4B92-891C-56D6F6987C45}.Debug|Any CPU.ActiveCfg = Debug|Any CPU
		{B21D9E2B-087B-4B92-891C-56D6F6987C45}.Debug|Any CPU.Build.0 = Debug|Any CPU
		{B21D9E2B-087B-4B92-891C-56D6F6987C45}.Release|Any CPU.ActiveCfg = Release|Any CPU
		{B21D9E2B-087B-4B92-891C-56D6F6987C45}.Release|Any CPU.Build.0 = Release|Any CPU
		{A5AB3614-4742-4724-905D-655056719915}.Debug|Any CPU.ActiveCfg = Debug|Any CPU
		{A5AB3614-4742-4724-905D-655056719915}.Debug|Any CPU.Build.0 = Debug|Any CPU
		{A5AB3614-4742-4724-905D-655056719915}.Release|Any CPU.ActiveCfg = Release|Any CPU
		{A5AB3614-4742-4724-905D-655056719915}.Release|Any CPU.Build.0 = Release|Any CPU
	EndGlobalSection
	GlobalSection(SolutionProperties) = preSolution
		HideSolutionNode = FALSE
	EndGlobalSection
EndGlobal
