
Microsoft Visual Studio Solution File, Format Version 12.00
# Visual Studio 14
VisualStudioVersion = 14.0.25420.1
MinimumVisualStudioVersion = 10.0.40219.1
Project("{FAE04EC0-301F-11D3-BF4B-00C04F79EFBC}") = "01. Hello, Name!", "01. Hello, Name!\01. Hello, Name!.csproj", "{088429CB-FF06-4898-A064-689275B392CE}"
EndProject
Project("{FAE04EC0-301F-11D3-BF4B-00C04F79EFBC}") = "02. Min Method", "02. Min Method\02. Min Method.csproj", "{2397D574-2AB7-45F5-BEE9-A01ED66C9CB4}"
EndProject
Global
	GlobalSection(SolutionConfigurationPlatforms) = preSolution
		Debug|Any CPU = Debug|Any CPU
		Release|Any CPU = Release|Any CPU
	EndGlobalSection
	GlobalSection(ProjectConfigurationPlatforms) = postSolution
		{088429CB-FF06-4898-A064-689275B392CE}.Debug|Any CPU.ActiveCfg = Debug|Any CPU
		{088429CB-FF06-4898-A064-689275B392CE}.Debug|Any CPU.Build.0 = Debug|Any CPU
		{088429CB-FF06-4898-A064-689275B392CE}.Release|Any CPU.ActiveCfg = Release|Any CPU
		{088429CB-FF06-4898-A064-689275B392CE}.Release|Any CPU.Build.0 = Release|Any CPU
		{2397D574-2AB7-45F5-BEE9-A01ED66C9CB4}.Debug|Any CPU.ActiveCfg = Debug|Any CPU
		{2397D574-2AB7-45F5-BEE9-A01ED66C9CB4}.Debug|Any CPU.Build.0 = Debug|Any CPU
		{2397D574-2AB7-45F5-BEE9-A01ED66C9CB4}.Release|Any CPU.ActiveCfg = Release|Any CPU
		{2397D574-2AB7-45F5-BEE9-A01ED66C9CB4}.Release|Any CPU.Build.0 = Release|Any CPU
	EndGlobalSection
	GlobalSection(SolutionProperties) = preSolution
		HideSolutionNode = FALSE
	EndGlobalSection
EndGlobal
