
Microsoft Visual Studio Solution File, Format Version 12.00
# Visual Studio 15
VisualStudioVersion = 15.0.27130.2024
MinimumVisualStudioVersion = 10.0.40219.1
Project("{FAE04EC0-301F-11D3-BF4B-00C04F79EFBC}") = "1. Passed", "1. Passed\1. Passed.csproj", "{24A47E18-F1F3-4EC0-87BA-1FC7378373BD}"
EndProject
Project("{FAE04EC0-301F-11D3-BF4B-00C04F79EFBC}") = "3. Back in 30 Minutes", "3. Back in 30 Minutes\3. Back in 30 Minutes.csproj", "{6F73C2A1-7C83-448E-B3B4-0390142652E6}"
EndProject
Global
	GlobalSection(SolutionConfigurationPlatforms) = preSolution
		Debug|Any CPU = Debug|Any CPU
		Release|Any CPU = Release|Any CPU
	EndGlobalSection
	GlobalSection(ProjectConfigurationPlatforms) = postSolution
		{24A47E18-F1F3-4EC0-87BA-1FC7378373BD}.Debug|Any CPU.ActiveCfg = Debug|Any CPU
		{24A47E18-F1F3-4EC0-87BA-1FC7378373BD}.Debug|Any CPU.Build.0 = Debug|Any CPU
		{24A47E18-F1F3-4EC0-87BA-1FC7378373BD}.Release|Any CPU.ActiveCfg = Release|Any CPU
		{24A47E18-F1F3-4EC0-87BA-1FC7378373BD}.Release|Any CPU.Build.0 = Release|Any CPU
		{6F73C2A1-7C83-448E-B3B4-0390142652E6}.Debug|Any CPU.ActiveCfg = Debug|Any CPU
		{6F73C2A1-7C83-448E-B3B4-0390142652E6}.Debug|Any CPU.Build.0 = Debug|Any CPU
		{6F73C2A1-7C83-448E-B3B4-0390142652E6}.Release|Any CPU.ActiveCfg = Release|Any CPU
		{6F73C2A1-7C83-448E-B3B4-0390142652E6}.Release|Any CPU.Build.0 = Release|Any CPU
	EndGlobalSection
	GlobalSection(SolutionProperties) = preSolution
		HideSolutionNode = FALSE
	EndGlobalSection
	GlobalSection(ExtensibilityGlobals) = postSolution
		SolutionGuid = {F334876E-56A5-4D99-8BAA-7721838BB8BC}
	EndGlobalSection
EndGlobal
