
Microsoft Visual Studio Solution File, Format Version 12.00
# Visual Studio 15
VisualStudioVersion = 15.0.27130.2026
MinimumVisualStudioVersion = 10.0.40219.1
Project("{FAE04EC0-301F-11D3-BF4B-00C04F79EFBC}") = "01. X", "01. X\01. X.csproj", "{655D2943-03D3-45AB-A81A-01FADB0DDE90}"
EndProject
Project("{FAE04EC0-301F-11D3-BF4B-00C04F79EFBC}") = "02. Vapor Store", "02. Vapor Store\02. Vapor Store.csproj", "{6C05B217-5BFD-4BB4-85B8-B993358673C8}"
EndProject
Global
	GlobalSection(SolutionConfigurationPlatforms) = preSolution
		Debug|Any CPU = Debug|Any CPU
		Release|Any CPU = Release|Any CPU
	EndGlobalSection
	GlobalSection(ProjectConfigurationPlatforms) = postSolution
		{655D2943-03D3-45AB-A81A-01FADB0DDE90}.Debug|Any CPU.ActiveCfg = Debug|Any CPU
		{655D2943-03D3-45AB-A81A-01FADB0DDE90}.Debug|Any CPU.Build.0 = Debug|Any CPU
		{655D2943-03D3-45AB-A81A-01FADB0DDE90}.Release|Any CPU.ActiveCfg = Release|Any CPU
		{655D2943-03D3-45AB-A81A-01FADB0DDE90}.Release|Any CPU.Build.0 = Release|Any CPU
		{6C05B217-5BFD-4BB4-85B8-B993358673C8}.Debug|Any CPU.ActiveCfg = Debug|Any CPU
		{6C05B217-5BFD-4BB4-85B8-B993358673C8}.Debug|Any CPU.Build.0 = Debug|Any CPU
		{6C05B217-5BFD-4BB4-85B8-B993358673C8}.Release|Any CPU.ActiveCfg = Release|Any CPU
		{6C05B217-5BFD-4BB4-85B8-B993358673C8}.Release|Any CPU.Build.0 = Release|Any CPU
	EndGlobalSection
	GlobalSection(SolutionProperties) = preSolution
		HideSolutionNode = FALSE
	EndGlobalSection
	GlobalSection(ExtensibilityGlobals) = postSolution
		SolutionGuid = {FBF4894A-2452-428F-AF46-B0CF81F93D64}
	EndGlobalSection
EndGlobal
