
Microsoft Visual Studio Solution File, Format Version 12.00
# Visual Studio 15
VisualStudioVersion = 15.0.27130.2036
MinimumVisualStudioVersion = 10.0.40219.1
Project("{FAE04EC0-301F-11D3-BF4B-00C04F79EFBC}") = "01. Most Frequent Number", "01. Most Frequent Number\01. Most Frequent Number.csproj", "{C48768F5-4603-4C20-B93A-BAF37B12F7BA}"
EndProject
Global
	GlobalSection(SolutionConfigurationPlatforms) = preSolution
		Debug|Any CPU = Debug|Any CPU
		Release|Any CPU = Release|Any CPU
	EndGlobalSection
	GlobalSection(ProjectConfigurationPlatforms) = postSolution
		{C48768F5-4603-4C20-B93A-BAF37B12F7BA}.Debug|Any CPU.ActiveCfg = Debug|Any CPU
		{C48768F5-4603-4C20-B93A-BAF37B12F7BA}.Debug|Any CPU.Build.0 = Debug|Any CPU
		{C48768F5-4603-4C20-B93A-BAF37B12F7BA}.Release|Any CPU.ActiveCfg = Release|Any CPU
		{C48768F5-4603-4C20-B93A-BAF37B12F7BA}.Release|Any CPU.Build.0 = Release|Any CPU
	EndGlobalSection
	GlobalSection(SolutionProperties) = preSolution
		HideSolutionNode = FALSE
	EndGlobalSection
	GlobalSection(ExtensibilityGlobals) = postSolution
		SolutionGuid = {A58225B3-F496-473B-98FE-0064E2489F26}
	EndGlobalSection
EndGlobal
