
Microsoft Visual Studio Solution File, Format Version 12.00
# Visual Studio 15
VisualStudioVersion = 15.0.27130.2026
MinimumVisualStudioVersion = 10.0.40219.1
Project("{FAE04EC0-301F-11D3-BF4B-00C04F79EFBC}") = "01. Array Statistics", "01. Array Statistics\01. Array Statistics.csproj", "{D8F1D684-C608-4402-8A47-C1E5EF273902}"
EndProject
Project("{FAE04EC0-301F-11D3-BF4B-00C04F79EFBC}") = "02. Manipulate Array", "02. Manipulate Array\02. Manipulate Array.csproj", "{28288F94-BAF4-4554-8F3B-95CC4BDF27BF}"
EndProject
Project("{FAE04EC0-301F-11D3-BF4B-00C04F79EFBC}") = "03. Safe Manipulation", "03. Safe Manipulation\03. Safe Manipulation.csproj", "{6304339D-F158-4092-8A2E-2717076738BC}"
EndProject
Project("{FAE04EC0-301F-11D3-BF4B-00C04F79EFBC}") = "04. Grab and Go", "04. Grab and Go\04. Grab and Go.csproj", "{A20CE08D-AC6D-4C32-BA2A-37C425B0A007}"
EndProject
Project("{FAE04EC0-301F-11D3-BF4B-00C04F79EFBC}") = "05. Pizza Ingredients", "05. Pizza Ingredients\05. Pizza Ingredients.csproj", "{C61E8D83-1799-4FB5-A883-D293A54F0FE2}"
EndProject
Project("{FAE04EC0-301F-11D3-BF4B-00C04F79EFBC}") = "06. Heists", "06. Heists\06. Heists.csproj", "{789924C1-EACB-457E-A198-EA0FE1B800A4}"
EndProject
Project("{FAE04EC0-301F-11D3-BF4B-00C04F79EFBC}") = "07. Inventory Matcher", "07. Inventory Matcher\07. Inventory Matcher.csproj", "{6C5B2700-39F0-4347-92E6-0891387FB45C}"
EndProject
Project("{FAE04EC0-301F-11D3-BF4B-00C04F79EFBC}") = "08. Upgraded Matcher", "08. Upgraded Matcher\08. Upgraded Matcher.csproj", "{495C4A7E-222B-4F1B-9C7F-98BAAF4A90C4}"
EndProject
Project("{FAE04EC0-301F-11D3-BF4B-00C04F79EFBC}") = "09. Jump Around", "09. Jump Around\09. Jump Around.csproj", "{A26B49BB-E2D3-48FC-B1B6-EB24540F39B7}"
EndProject
Global
	GlobalSection(SolutionConfigurationPlatforms) = preSolution
		Debug|Any CPU = Debug|Any CPU
		Release|Any CPU = Release|Any CPU
	EndGlobalSection
	GlobalSection(ProjectConfigurationPlatforms) = postSolution
		{D8F1D684-C608-4402-8A47-C1E5EF273902}.Debug|Any CPU.ActiveCfg = Debug|Any CPU
		{D8F1D684-C608-4402-8A47-C1E5EF273902}.Debug|Any CPU.Build.0 = Debug|Any CPU
		{D8F1D684-C608-4402-8A47-C1E5EF273902}.Release|Any CPU.ActiveCfg = Release|Any CPU
		{D8F1D684-C608-4402-8A47-C1E5EF273902}.Release|Any CPU.Build.0 = Release|Any CPU
		{28288F94-BAF4-4554-8F3B-95CC4BDF27BF}.Debug|Any CPU.ActiveCfg = Debug|Any CPU
		{28288F94-BAF4-4554-8F3B-95CC4BDF27BF}.Debug|Any CPU.Build.0 = Debug|Any CPU
		{28288F94-BAF4-4554-8F3B-95CC4BDF27BF}.Release|Any CPU.ActiveCfg = Release|Any CPU
		{28288F94-BAF4-4554-8F3B-95CC4BDF27BF}.Release|Any CPU.Build.0 = Release|Any CPU
		{6304339D-F158-4092-8A2E-2717076738BC}.Debug|Any CPU.ActiveCfg = Debug|Any CPU
		{6304339D-F158-4092-8A2E-2717076738BC}.Debug|Any CPU.Build.0 = Debug|Any CPU
		{6304339D-F158-4092-8A2E-2717076738BC}.Release|Any CPU.ActiveCfg = Release|Any CPU
		{6304339D-F158-4092-8A2E-2717076738BC}.Release|Any CPU.Build.0 = Release|Any CPU
		{A20CE08D-AC6D-4C32-BA2A-37C425B0A007}.Debug|Any CPU.ActiveCfg = Debug|Any CPU
		{A20CE08D-AC6D-4C32-BA2A-37C425B0A007}.Debug|Any CPU.Build.0 = Debug|Any CPU
		{A20CE08D-AC6D-4C32-BA2A-37C425B0A007}.Release|Any CPU.ActiveCfg = Release|Any CPU
		{A20CE08D-AC6D-4C32-BA2A-37C425B0A007}.Release|Any CPU.Build.0 = Release|Any CPU
		{C61E8D83-1799-4FB5-A883-D293A54F0FE2}.Debug|Any CPU.ActiveCfg = Debug|Any CPU
		{C61E8D83-1799-4FB5-A883-D293A54F0FE2}.Debug|Any CPU.Build.0 = Debug|Any CPU
		{C61E8D83-1799-4FB5-A883-D293A54F0FE2}.Release|Any CPU.ActiveCfg = Release|Any CPU
		{C61E8D83-1799-4FB5-A883-D293A54F0FE2}.Release|Any CPU.Build.0 = Release|Any CPU
		{789924C1-EACB-457E-A198-EA0FE1B800A4}.Debug|Any CPU.ActiveCfg = Debug|Any CPU
		{789924C1-EACB-457E-A198-EA0FE1B800A4}.Debug|Any CPU.Build.0 = Debug|Any CPU
		{789924C1-EACB-457E-A198-EA0FE1B800A4}.Release|Any CPU.ActiveCfg = Release|Any CPU
		{789924C1-EACB-457E-A198-EA0FE1B800A4}.Release|Any CPU.Build.0 = Release|Any CPU
		{6C5B2700-39F0-4347-92E6-0891387FB45C}.Debug|Any CPU.ActiveCfg = Debug|Any CPU
		{6C5B2700-39F0-4347-92E6-0891387FB45C}.Debug|Any CPU.Build.0 = Debug|Any CPU
		{6C5B2700-39F0-4347-92E6-0891387FB45C}.Release|Any CPU.ActiveCfg = Release|Any CPU
		{6C5B2700-39F0-4347-92E6-0891387FB45C}.Release|Any CPU.Build.0 = Release|Any CPU
		{495C4A7E-222B-4F1B-9C7F-98BAAF4A90C4}.Debug|Any CPU.ActiveCfg = Debug|Any CPU
		{495C4A7E-222B-4F1B-9C7F-98BAAF4A90C4}.Debug|Any CPU.Build.0 = Debug|Any CPU
		{495C4A7E-222B-4F1B-9C7F-98BAAF4A90C4}.Release|Any CPU.ActiveCfg = Release|Any CPU
		{495C4A7E-222B-4F1B-9C7F-98BAAF4A90C4}.Release|Any CPU.Build.0 = Release|Any CPU
		{A26B49BB-E2D3-48FC-B1B6-EB24540F39B7}.Debug|Any CPU.ActiveCfg = Debug|Any CPU
		{A26B49BB-E2D3-48FC-B1B6-EB24540F39B7}.Debug|Any CPU.Build.0 = Debug|Any CPU
		{A26B49BB-E2D3-48FC-B1B6-EB24540F39B7}.Release|Any CPU.ActiveCfg = Release|Any CPU
		{A26B49BB-E2D3-48FC-B1B6-EB24540F39B7}.Release|Any CPU.Build.0 = Release|Any CPU
	EndGlobalSection
	GlobalSection(SolutionProperties) = preSolution
		HideSolutionNode = FALSE
	EndGlobalSection
	GlobalSection(ExtensibilityGlobals) = postSolution
		SolutionGuid = {1C809003-7E9F-43E6-98FF-1DEAD30EA364}
	EndGlobalSection
EndGlobal
