
Microsoft Visual Studio Solution File, Format Version 12.00
# Visual Studio 15
VisualStudioVersion = 15.0.27130.2036
MinimumVisualStudioVersion = 10.0.40219.1
Project("{9A19103F-16F7-4668-BE54-9A1E7A4F7556}") = "01. Sort Times", "01. Sort Times\01. Sort Times.csproj", "{FCFD30E7-7B12-43F2-B6F3-95BEF98AA88E}"
EndProject
Project("{9A19103F-16F7-4668-BE54-9A1E7A4F7556}") = "02. Odd Filter", "02. Odd Filter\02. Odd Filter.csproj", "{058E6D65-CC1C-41D7-823C-8EF96E772D88}"
EndProject
Project("{9A19103F-16F7-4668-BE54-9A1E7A4F7556}") = "03. Immune System", "03. Immune System\03. Immune System.csproj", "{80A3B49B-C6BB-42DC-95E0-61FFAC8DEC9A}"
EndProject
Project("{9A19103F-16F7-4668-BE54-9A1E7A4F7556}") = "04. MarketDatabase", "04. MarketDatabase\04. MarketDatabase.csproj", "{48BB5753-5B5A-4B42-9970-868469ADDAA0}"
EndProject
Project("{9A19103F-16F7-4668-BE54-9A1E7A4F7556}") = "05. ParkingLot", "05. ParkingLot\05. ParkingLot.csproj", "{15B8F908-304C-4778-A0EB-587AD9E15828}"
EndProject
Project("{9A19103F-16F7-4668-BE54-9A1E7A4F7556}") = "06. Byte Flip", "06. Byte Flip\06. Byte Flip.csproj", "{1DA5C25F-ADE1-4048-B226-93DA0F9D5620}"
EndProject
Project("{FAE04EC0-301F-11D3-BF4B-00C04F79EFBC}") = "07. Take Skip Rope", "07. Take Skip Rope\07. Take Skip Rope.csproj", "{AC10A511-A7AB-47D9-AC0B-110EA8EF2C15}"
EndProject
Global
	GlobalSection(SolutionConfigurationPlatforms) = preSolution
		Debug|Any CPU = Debug|Any CPU
		Release|Any CPU = Release|Any CPU
	EndGlobalSection
	GlobalSection(ProjectConfigurationPlatforms) = postSolution
		{FCFD30E7-7B12-43F2-B6F3-95BEF98AA88E}.Debug|Any CPU.ActiveCfg = Debug|Any CPU
		{FCFD30E7-7B12-43F2-B6F3-95BEF98AA88E}.Debug|Any CPU.Build.0 = Debug|Any CPU
		{FCFD30E7-7B12-43F2-B6F3-95BEF98AA88E}.Release|Any CPU.ActiveCfg = Release|Any CPU
		{FCFD30E7-7B12-43F2-B6F3-95BEF98AA88E}.Release|Any CPU.Build.0 = Release|Any CPU
		{058E6D65-CC1C-41D7-823C-8EF96E772D88}.Debug|Any CPU.ActiveCfg = Debug|Any CPU
		{058E6D65-CC1C-41D7-823C-8EF96E772D88}.Debug|Any CPU.Build.0 = Debug|Any CPU
		{058E6D65-CC1C-41D7-823C-8EF96E772D88}.Release|Any CPU.ActiveCfg = Release|Any CPU
		{058E6D65-CC1C-41D7-823C-8EF96E772D88}.Release|Any CPU.Build.0 = Release|Any CPU
		{80A3B49B-C6BB-42DC-95E0-61FFAC8DEC9A}.Debug|Any CPU.ActiveCfg = Debug|Any CPU
		{80A3B49B-C6BB-42DC-95E0-61FFAC8DEC9A}.Debug|Any CPU.Build.0 = Debug|Any CPU
		{80A3B49B-C6BB-42DC-95E0-61FFAC8DEC9A}.Release|Any CPU.ActiveCfg = Release|Any CPU
		{80A3B49B-C6BB-42DC-95E0-61FFAC8DEC9A}.Release|Any CPU.Build.0 = Release|Any CPU
		{48BB5753-5B5A-4B42-9970-868469ADDAA0}.Debug|Any CPU.ActiveCfg = Debug|Any CPU
		{48BB5753-5B5A-4B42-9970-868469ADDAA0}.Debug|Any CPU.Build.0 = Debug|Any CPU
		{48BB5753-5B5A-4B42-9970-868469ADDAA0}.Release|Any CPU.ActiveCfg = Release|Any CPU
		{48BB5753-5B5A-4B42-9970-868469ADDAA0}.Release|Any CPU.Build.0 = Release|Any CPU
		{15B8F908-304C-4778-A0EB-587AD9E15828}.Debug|Any CPU.ActiveCfg = Debug|Any CPU
		{15B8F908-304C-4778-A0EB-587AD9E15828}.Debug|Any CPU.Build.0 = Debug|Any CPU
		{15B8F908-304C-4778-A0EB-587AD9E15828}.Release|Any CPU.ActiveCfg = Release|Any CPU
		{15B8F908-304C-4778-A0EB-587AD9E15828}.Release|Any CPU.Build.0 = Release|Any CPU
		{1DA5C25F-ADE1-4048-B226-93DA0F9D5620}.Debug|Any CPU.ActiveCfg = Debug|Any CPU
		{1DA5C25F-ADE1-4048-B226-93DA0F9D5620}.Debug|Any CPU.Build.0 = Debug|Any CPU
		{1DA5C25F-ADE1-4048-B226-93DA0F9D5620}.Release|Any CPU.ActiveCfg = Release|Any CPU
		{1DA5C25F-ADE1-4048-B226-93DA0F9D5620}.Release|Any CPU.Build.0 = Release|Any CPU
		{AC10A511-A7AB-47D9-AC0B-110EA8EF2C15}.Debug|Any CPU.ActiveCfg = Debug|Any CPU
		{AC10A511-A7AB-47D9-AC0B-110EA8EF2C15}.Debug|Any CPU.Build.0 = Debug|Any CPU
		{AC10A511-A7AB-47D9-AC0B-110EA8EF2C15}.Release|Any CPU.ActiveCfg = Release|Any CPU
		{AC10A511-A7AB-47D9-AC0B-110EA8EF2C15}.Release|Any CPU.Build.0 = Release|Any CPU
	EndGlobalSection
	GlobalSection(SolutionProperties) = preSolution
		HideSolutionNode = FALSE
	EndGlobalSection
	GlobalSection(ExtensibilityGlobals) = postSolution
		SolutionGuid = {377282B4-3BDC-4CEF-917B-6521BEA93AD8}
	EndGlobalSection
EndGlobal
