
Microsoft Visual Studio Solution File, Format Version 12.00
# Visual Studio 15
VisualStudioVersion = 15.0.28010.0
MinimumVisualStudioVersion = 10.0.40219.1
Project("{9A19103F-16F7-4668-BE54-9A1E7A4F7556}") = "DefiningClassesExercise", "Defining Classes - Exercise\DefiningClassesExercise.csproj", "{A58F1E6F-B67C-4B03-829E-E59433FEFD48}"
EndProject
Global
	GlobalSection(SolutionConfigurationPlatforms) = preSolution
		Debug|Any CPU = Debug|Any CPU
		Release|Any CPU = Release|Any CPU
	EndGlobalSection
	GlobalSection(ProjectConfigurationPlatforms) = postSolution
		{A58F1E6F-B67C-4B03-829E-E59433FEFD48}.Debug|Any CPU.ActiveCfg = Debug|Any CPU
		{A58F1E6F-B67C-4B03-829E-E59433FEFD48}.Debug|Any CPU.Build.0 = Debug|Any CPU
		{A58F1E6F-B67C-4B03-829E-E59433FEFD48}.Release|Any CPU.ActiveCfg = Release|Any CPU
		{A58F1E6F-B67C-4B03-829E-E59433FEFD48}.Release|Any CPU.Build.0 = Release|Any CPU
	EndGlobalSection
	GlobalSection(SolutionProperties) = preSolution
		HideSolutionNode = FALSE
	EndGlobalSection
	GlobalSection(ExtensibilityGlobals) = postSolution
		SolutionGuid = {8274D5C8-D27E-43E5-9520-2F4699773BDA}
	EndGlobalSection
EndGlobal
